
Microsoft Visual Studio Solution File, Format Version 12.00
# Visual Studio 2012
Project("{FAE04EC0-301F-11D3-BF4B-00C04F79EFBC}") = "NTU.Webgen", "NTU.Webgen\NTU.Webgen.csproj", "{39FA4927-0E81-4E84-8EE4-C7B6C9027D79}"
EndProject
Project("{FAE04EC0-301F-11D3-BF4B-00C04F79EFBC}") = "WinHtmlEditor", "WinHtmlEditor\WinHtmlEditor.csproj", "{1D1EF0A4-1D49-4D42-9295-E3B28359389A}"
EndProject
Project("{FAE04EC0-301F-11D3-BF4B-00C04F79EFBC}") = "NTUWebgenUploadDownload", "NTUWebgenUploadDownload\NTUWebgenUploadDownload.csproj", "{5048166E-1822-4055-9154-9CB1E28C3A72}"
EndProject
Global
	GlobalSection(SolutionConfigurationPlatforms) = preSolution
		Debug_VS2010|Any CPU = Debug_VS2010|Any CPU
		Debug|Any CPU = Debug|Any CPU
		Release_VS2010|Any CPU = Release_VS2010|Any CPU
		Release|Any CPU = Release|Any CPU
	EndGlobalSection
	GlobalSection(ProjectConfigurationPlatforms) = postSolution
		{39FA4927-0E81-4E84-8EE4-C7B6C9027D79}.Debug_VS2010|Any CPU.ActiveCfg = Debug|Any CPU
		{39FA4927-0E81-4E84-8EE4-C7B6C9027D79}.Debug_VS2010|Any CPU.Build.0 = Debug|Any CPU
		{39FA4927-0E81-4E84-8EE4-C7B6C9027D79}.Debug|Any CPU.ActiveCfg = Debug|Any CPU
		{39FA4927-0E81-4E84-8EE4-C7B6C9027D79}.Debug|Any CPU.Build.0 = Debug|Any CPU
		{39FA4927-0E81-4E84-8EE4-C7B6C9027D79}.Release_VS2010|Any CPU.ActiveCfg = Release|Any CPU
		{39FA4927-0E81-4E84-8EE4-C7B6C9027D79}.Release_VS2010|Any CPU.Build.0 = Release|Any CPU
		{39FA4927-0E81-4E84-8EE4-C7B6C9027D79}.Release|Any CPU.ActiveCfg = Release|Any CPU
		{39FA4927-0E81-4E84-8EE4-C7B6C9027D79}.Release|Any CPU.Build.0 = Release|Any CPU
		{1D1EF0A4-1D49-4D42-9295-E3B28359389A}.Debug_VS2010|Any CPU.ActiveCfg = Debug_VS2010|Any CPU
		{1D1EF0A4-1D49-4D42-9295-E3B28359389A}.Debug_VS2010|Any CPU.Build.0 = Debug_VS2010|Any CPU
		{1D1EF0A4-1D49-4D42-9295-E3B28359389A}.Debug|Any CPU.ActiveCfg = Debug|Any CPU
		{1D1EF0A4-1D49-4D42-9295-E3B28359389A}.Debug|Any CPU.Build.0 = Debug|Any CPU
		{1D1EF0A4-1D49-4D42-9295-E3B28359389A}.Release_VS2010|Any CPU.ActiveCfg = Release_VS2010|Any CPU
		{1D1EF0A4-1D49-4D42-9295-E3B28359389A}.Release_VS2010|Any CPU.Build.0 = Release_VS2010|Any CPU
		{1D1EF0A4-1D49-4D42-9295-E3B28359389A}.Release|Any CPU.ActiveCfg = Release|Any CPU
		{1D1EF0A4-1D49-4D42-9295-E3B28359389A}.Release|Any CPU.Build.0 = Release|Any CPU
		{5048166E-1822-4055-9154-9CB1E28C3A72}.Debug_VS2010|Any CPU.ActiveCfg = Debug|Any CPU
		{5048166E-1822-4055-9154-9CB1E28C3A72}.Debug_VS2010|Any CPU.Build.0 = Debug|Any CPU
		{5048166E-1822-4055-9154-9CB1E28C3A72}.Debug|Any CPU.ActiveCfg = Debug|Any CPU
		{5048166E-1822-4055-9154-9CB1E28C3A72}.Debug|Any CPU.Build.0 = Debug|Any CPU
		{5048166E-1822-4055-9154-9CB1E28C3A72}.Release_VS2010|Any CPU.ActiveCfg = Release|Any CPU
		{5048166E-1822-4055-9154-9CB1E28C3A72}.Release_VS2010|Any CPU.Build.0 = Release|Any CPU
		{5048166E-1822-4055-9154-9CB1E28C3A72}.Release|Any CPU.ActiveCfg = Release|Any CPU
		{5048166E-1822-4055-9154-9CB1E28C3A72}.Release|Any CPU.Build.0 = Release|Any CPU
	EndGlobalSection
	GlobalSection(SolutionProperties) = preSolution
		HideSolutionNode = FALSE
	EndGlobalSection
EndGlobal
